
Microsoft Visual Studio Solution File, Format Version 12.00
# Visual Studio 14
VisualStudioVersion = 14.0.23107.0
MinimumVisualStudioVersion = 10.0.40219.1
Project("{FAE04EC0-301F-11D3-BF4B-00C04F79EFBC}") = "HighLow_CardGane", "HighLow_CardGane\HighLow_CardGane.csproj", "{780A7F10-A864-46C2-8905-B2545B359B49}"
EndProject
Global
	GlobalSection(SolutionConfigurationPlatforms) = preSolution
		Debug|Any CPU = Debug|Any CPU
		Release|Any CPU = Release|Any CPU
	EndGlobalSection
	GlobalSection(ProjectConfigurationPlatforms) = postSolution
		{780A7F10-A864-46C2-8905-B2545B359B49}.Debug|Any CPU.ActiveCfg = Debug|Any CPU
		{780A7F10-A864-46C2-8905-B2545B359B49}.Debug|Any CPU.Build.0 = Debug|Any CPU
		{780A7F10-A864-46C2-8905-B2545B359B49}.Release|Any CPU.ActiveCfg = Release|Any CPU
		{780A7F10-A864-46C2-8905-B2545B359B49}.Release|Any CPU.Build.0 = Release|Any CPU
	EndGlobalSection
	GlobalSection(SolutionProperties) = preSolution
		HideSolutionNode = FALSE
	EndGlobalSection
EndGlobal
